
Microsoft Visual Studio Solution File, Format Version 12.00
# Visual Studio Version 16
VisualStudioVersion = 16.0.809.7
MinimumVisualStudioVersion = 10.0.40219.1
Project("{FAE04EC0-301F-11D3-BF4B-00C04F79EFBC}") = "OrderService", "OrderService\OrderService.csproj", "{AC6819B3-7DF7-4EC0-845B-4A585EFABC85}"
EndProject
Project("{FAE04EC0-301F-11D3-BF4B-00C04F79EFBC}") = "Model", "Orders\Model.csproj", "{958D6752-163A-4298-96F1-2B22AC47CD0C}"
EndProject
Global
	GlobalSection(SolutionConfigurationPlatforms) = preSolution
		Debug|Any CPU = Debug|Any CPU
		Release|Any CPU = Release|Any CPU
	EndGlobalSection
	GlobalSection(ProjectConfigurationPlatforms) = postSolution
		{AC6819B3-7DF7-4EC0-845B-4A585EFABC85}.Debug|Any CPU.ActiveCfg = Debug|Any CPU
		{AC6819B3-7DF7-4EC0-845B-4A585EFABC85}.Debug|Any CPU.Build.0 = Debug|Any CPU
		{AC6819B3-7DF7-4EC0-845B-4A585EFABC85}.Release|Any CPU.ActiveCfg = Release|Any CPU
		{AC6819B3-7DF7-4EC0-845B-4A585EFABC85}.Release|Any CPU.Build.0 = Release|Any CPU
		{958D6752-163A-4298-96F1-2B22AC47CD0C}.Debug|Any CPU.ActiveCfg = Debug|Any CPU
		{958D6752-163A-4298-96F1-2B22AC47CD0C}.Debug|Any CPU.Build.0 = Debug|Any CPU
		{958D6752-163A-4298-96F1-2B22AC47CD0C}.Release|Any CPU.ActiveCfg = Release|Any CPU
		{958D6752-163A-4298-96F1-2B22AC47CD0C}.Release|Any CPU.Build.0 = Release|Any CPU
	EndGlobalSection
	GlobalSection(SolutionProperties) = preSolution
		HideSolutionNode = FALSE
	EndGlobalSection
	GlobalSection(ExtensibilityGlobals) = postSolution
		SolutionGuid = {51C3C533-EB5D-4B7A-935F-6BD9E1567889}
	EndGlobalSection
EndGlobal
